<?xml version="1.0" encoding="utf-8"?>
<Project ToolsVersion="4.0" xmlns="http://schemas.microsoft.com/developer/msbuild/2003">
  <ItemGroup>
    <ClCompile Include="Source\Log.cpp">
      <Filter>Other\Utils</Filter>
    </ClCompile>
    <ClCompile Include="Source\External\PugiXml\src\pugixml.cpp">
      <Filter>Other\External\PugiXml</Filter>
    </ClCompile>
    <ClCompile Include="Source\App.cpp">
      <Filter>Source</Filter>
    </ClCompile>
    <ClCompile Include="Source\Audio.cpp">
      <Filter>Source</Filter>
    </ClCompile>
    <ClCompile Include="Source\Enemy.cpp">
      <Filter>Source</Filter>
    </ClCompile>
    <ClCompile Include="Source\Entities.cpp">
      <Filter>Source</Filter>
    </ClCompile>
    <ClCompile Include="Source\Main.cpp">
      <Filter>Source</Filter>
    </ClCompile>
    <ClCompile Include="Source\Input.cpp">
      <Filter>Source</Filter>
    </ClCompile>
    <ClCompile Include="Source\Map.cpp">
      <Filter>Source</Filter>
    </ClCompile>
    <ClCompile Include="Source\ModulePhysics.cpp">
      <Filter>Source</Filter>
    </ClCompile>
    <ClCompile Include="Source\PerfTimer.cpp">
      <Filter>Source</Filter>
    </ClCompile>
    <ClCompile Include="Source\Render.cpp">
      <Filter>Source</Filter>
    </ClCompile>
    <ClCompile Include="Source\Player.cpp">
      <Filter>Source</Filter>
    </ClCompile>
    <ClCompile Include="Source\Scene.cpp">
      <Filter>Source</Filter>
    </ClCompile>
    <ClCompile Include="Source\Textures.cpp">
      <Filter>Source</Filter>
    </ClCompile>
    <ClCompile Include="Source\Timer.cpp">
      <Filter>Source</Filter>
    </ClCompile>
    <ClCompile Include="Source\Window.cpp">
      <Filter>Source</Filter>
    </ClCompile>
    <ClCompile Include="Source\Gui.cpp">
      <Filter>Source</Filter>
    </ClCompile>
    <ClCompile Include="Source\ModuleFonts.cpp">
      <Filter>Source</Filter>
    </ClCompile>
  </ItemGroup>
  <ItemGroup>
    <ClInclude Include="Source\Defs.h">
      <Filter>Other\Utils</Filter>
    </ClInclude>
    <ClInclude Include="Source\DynArray.h">
      <Filter>Other\Utils</Filter>
    </ClInclude>
    <ClInclude Include="Source\List.h">
      <Filter>Other\Utils</Filter>
    </ClInclude>
    <ClInclude Include="Source\Log.h">
      <Filter>Other\Utils</Filter>
    </ClInclude>
    <ClInclude Include="Source\Point.h">
      <Filter>Other\Utils</Filter>
    </ClInclude>
    <ClInclude Include="Source\SString.h">
      <Filter>Other\Utils</Filter>
    </ClInclude>
    <ClInclude Include="Source\External\PugiXml\src\pugiconfig.hpp">
      <Filter>Other\External\PugiXml</Filter>
    </ClInclude>
    <ClInclude Include="Source\External\PugiXml\src\pugixml.hpp">
      <Filter>Other\External\PugiXml</Filter>
    </ClInclude>
    <ClInclude Include="Source\Animation.h">
      <Filter>Header</Filter>
    </ClInclude>
    <ClInclude Include="Source\App.h">
      <Filter>Header</Filter>
    </ClInclude>
    <ClInclude Include="Source\Audio.h">
      <Filter>Header</Filter>
    </ClInclude>
    <ClInclude Include="Source\Enemy.h">
      <Filter>Header</Filter>
    </ClInclude>
    <ClInclude Include="Source\Entities.h">
      <Filter>Header</Filter>
    </ClInclude>
    <ClInclude Include="Source\Globals.h">
      <Filter>Header</Filter>
    </ClInclude>
    <ClInclude Include="Source\Input.h">
      <Filter>Header</Filter>
    </ClInclude>
    <ClInclude Include="Source\Map.h">
      <Filter>Header</Filter>
    </ClInclude>
    <ClInclude Include="Source\Module.h">
      <Filter>Header</Filter>
    </ClInclude>
    <ClInclude Include="Source\ModulePhysics.h">
      <Filter>Header</Filter>
    </ClInclude>
    <ClInclude Include="Source\p2List.h">
      <Filter>Header</Filter>
    </ClInclude>
    <ClInclude Include="Source\PerfTimer.h">
      <Filter>Header</Filter>
    </ClInclude>
    <ClInclude Include="Source\Player.h">
      <Filter>Header</Filter>
    </ClInclude>
    <ClInclude Include="Source\Render.h">
      <Filter>Header</Filter>
    </ClInclude>
    <ClInclude Include="Source\Scene.h">
      <Filter>Header</Filter>
    </ClInclude>
    <ClInclude Include="Source\Textures.h">
      <Filter>Header</Filter>
    </ClInclude>
    <ClInclude Include="Source\Timer.h">
      <Filter>Header</Filter>
    </ClInclude>
    <ClInclude Include="Source\Window.h">
      <Filter>Header</Filter>
    </ClInclude>
    <ClInclude Include="Source\Gui.h">
      <Filter>Header</Filter>
    </ClInclude>
    <ClInclude Include="Source\ModuleFonts.h">
      <Filter>Header</Filter>
    </ClInclude>
  </ItemGroup>
  <ItemGroup>
    <Filter Include="Source">
      <UniqueIdentifier>{362cb04c-db85-44bd-854c-45d38a6b3401}</UniqueIdentifier>
    </Filter>
    <Filter Include="Header">
      <UniqueIdentifier>{83f7a7fe-7fb2-44de-8591-6ebe3dbebc4d}</UniqueIdentifier>
    </Filter>
    <Filter Include="Other">
      <UniqueIdentifier>{29352768-98eb-4a82-923d-03492d376db9}</UniqueIdentifier>
    </Filter>
    <Filter Include="Other\External">
      <UniqueIdentifier>{83a966c7-b4bb-4eff-9c2c-3ff3c7b55a60}</UniqueIdentifier>
    </Filter>
    <Filter Include="Other\External\PugiXml">
      <UniqueIdentifier>{2855ff7f-53a1-413d-a75b-18b4ade921dd}</UniqueIdentifier>
    </Filter>
    <Filter Include="Other\Utils">
      <UniqueIdentifier>{2cad778a-d356-48b0-9fee-587f1bbb187e}</UniqueIdentifier>
    </Filter>
  </ItemGroup>
</Project>